
Microsoft Visual Studio Solution File, Format Version 12.00
# Visual Studio Version 17
VisualStudioVersion = 17.8.34309.116
MinimumVisualStudioVersion = 10.0.40219.1
Project("{9A19103F-16F7-4668-BE54-9A1E7A4F7556}") = "Smartkitchen.API", "Smartkitchen.API\Smartkitchen.API.csproj", "{7889C6C4-EE71-465F-AF30-79199C678EE4}"
EndProject
Project("{FAE04EC0-301F-11D3-BF4B-00C04F79EFBC}") = "ImageRecognitionAPI", "ImageRecognitionAPI\ImageRecognitionAPI.csproj", "{2B7E1E40-1CD6-4262-BA1E-810A45CF9BC2}"
EndProject
Project("{FAE04EC0-301F-11D3-BF4B-00C04F79EFBC}") = "RecipesAPI", "RecipesAPI\RecipesAPI.csproj", "{16A93406-2FC9-4F80-AB46-FA3EF35EF810}"
EndProject
Project("{FAE04EC0-301F-11D3-BF4B-00C04F79EFBC}") = "DietsAPI", "DietsAPI\DietsAPI.csproj", "{CAF60206-A452-4BF2-BF8E-3683EA4AE69D}"
EndProject
Global
	GlobalSection(SolutionConfigurationPlatforms) = preSolution
		Debug|Any CPU = Debug|Any CPU
		Release|Any CPU = Release|Any CPU
	EndGlobalSection
	GlobalSection(ProjectConfigurationPlatforms) = postSolution
		{7889C6C4-EE71-465F-AF30-79199C678EE4}.Debug|Any CPU.ActiveCfg = Debug|Any CPU
		{7889C6C4-EE71-465F-AF30-79199C678EE4}.Debug|Any CPU.Build.0 = Debug|Any CPU
		{7889C6C4-EE71-465F-AF30-79199C678EE4}.Release|Any CPU.ActiveCfg = Release|Any CPU
		{7889C6C4-EE71-465F-AF30-79199C678EE4}.Release|Any CPU.Build.0 = Release|Any CPU
		{2B7E1E40-1CD6-4262-BA1E-810A45CF9BC2}.Debug|Any CPU.ActiveCfg = Debug|Any CPU
		{2B7E1E40-1CD6-4262-BA1E-810A45CF9BC2}.Debug|Any CPU.Build.0 = Debug|Any CPU
		{2B7E1E40-1CD6-4262-BA1E-810A45CF9BC2}.Release|Any CPU.ActiveCfg = Release|Any CPU
		{2B7E1E40-1CD6-4262-BA1E-810A45CF9BC2}.Release|Any CPU.Build.0 = Release|Any CPU
		{16A93406-2FC9-4F80-AB46-FA3EF35EF810}.Debug|Any CPU.ActiveCfg = Debug|Any CPU
		{16A93406-2FC9-4F80-AB46-FA3EF35EF810}.Debug|Any CPU.Build.0 = Debug|Any CPU
		{16A93406-2FC9-4F80-AB46-FA3EF35EF810}.Release|Any CPU.ActiveCfg = Release|Any CPU
		{16A93406-2FC9-4F80-AB46-FA3EF35EF810}.Release|Any CPU.Build.0 = Release|Any CPU
		{CAF60206-A452-4BF2-BF8E-3683EA4AE69D}.Debug|Any CPU.ActiveCfg = Debug|Any CPU
		{CAF60206-A452-4BF2-BF8E-3683EA4AE69D}.Debug|Any CPU.Build.0 = Debug|Any CPU
		{CAF60206-A452-4BF2-BF8E-3683EA4AE69D}.Release|Any CPU.ActiveCfg = Release|Any CPU
		{CAF60206-A452-4BF2-BF8E-3683EA4AE69D}.Release|Any CPU.Build.0 = Release|Any CPU
	EndGlobalSection
	GlobalSection(SolutionProperties) = preSolution
		HideSolutionNode = FALSE
	EndGlobalSection
	GlobalSection(ExtensibilityGlobals) = postSolution
		SolutionGuid = {7679A499-CE61-4697-8265-4CBA2F3337B1}
	EndGlobalSection
EndGlobal
